{
  "name": "react-hooks",
  "lockfileVersion": 3,
  "requires": true,
  "packages": {
    "": {
      "dependencies": {
        "stateinator": "^1.3.0"
      }
    },
    "node_modules/stateinator": {
      "version": "1.3.0",
      "resolved": "https://registry.npmjs.org/stateinator/-/stateinator-1.3.0.tgz",
      "integrity": "sha512-b9sgih8N4idDK1Lc9D16b59UjW7OArhOU1hdjA0sfH8+fkoO5ciBq3ML6vjswhV4Bwy6caibWR8+D6wj51DzBQ=="
    }
  }
}
